
Microsoft Visual Studio Solution File, Format Version 12.00
# Visual Studio Version 17
VisualStudioVersion = 17.8.34511.84
MinimumVisualStudioVersion = 10.0.40219.1
Project("{FAE04EC0-301F-11D3-BF4B-00C04F79EFBC}") = "ProductService", "ProductService\ProductService.csproj", "{7B913504-39D6-4DD4-B6BC-C971E026E730}"
EndProject
Project("{FAE04EC0-301F-11D3-BF4B-00C04F79EFBC}") = "APIGatewayName", "APIGatewayName\APIGatewayName.csproj", "{7F024D4E-BE23-4D85-8DF4-9BE6697B7F1C}"
EndProject
Global
	GlobalSection(SolutionConfigurationPlatforms) = preSolution
		Debug|Any CPU = Debug|Any CPU
		Release|Any CPU = Release|Any CPU
	EndGlobalSection
	GlobalSection(ProjectConfigurationPlatforms) = postSolution
		{7B913504-39D6-4DD4-B6BC-C971E026E730}.Debug|Any CPU.ActiveCfg = Debug|Any CPU
		{7B913504-39D6-4DD4-B6BC-C971E026E730}.Debug|Any CPU.Build.0 = Debug|Any CPU
		{7B913504-39D6-4DD4-B6BC-C971E026E730}.Release|Any CPU.ActiveCfg = Release|Any CPU
		{7B913504-39D6-4DD4-B6BC-C971E026E730}.Release|Any CPU.Build.0 = Release|Any CPU
		{7F024D4E-BE23-4D85-8DF4-9BE6697B7F1C}.Debug|Any CPU.ActiveCfg = Debug|Any CPU
		{7F024D4E-BE23-4D85-8DF4-9BE6697B7F1C}.Debug|Any CPU.Build.0 = Debug|Any CPU
		{7F024D4E-BE23-4D85-8DF4-9BE6697B7F1C}.Release|Any CPU.ActiveCfg = Release|Any CPU
		{7F024D4E-BE23-4D85-8DF4-9BE6697B7F1C}.Release|Any CPU.Build.0 = Release|Any CPU
	EndGlobalSection
	GlobalSection(SolutionProperties) = preSolution
		HideSolutionNode = FALSE
	EndGlobalSection
	GlobalSection(ExtensibilityGlobals) = postSolution
		SolutionGuid = {D69BC8DB-A93A-43E2-8313-B61EE970C504}
	EndGlobalSection
EndGlobal
